
Microsoft Visual Studio Solution File, Format Version 12.00
# Visual Studio Version 17
VisualStudioVersion = 17.0.31903.59
MinimumVisualStudioVersion = 10.0.40219.1
Project("{FAE04EC0-301F-11D3-BF4B-00C04F79EFBC}") = "GreetingClient", "GreetingClient\GreetingClient.csproj", "{3EE68819-8B64-4FCF-A8D6-0583E3F9D926}"
EndProject
Project("{FAE04EC0-301F-11D3-BF4B-00C04F79EFBC}") = "GreetingServer", "GreetingServer\GreetingServer.csproj", "{B9EE79F5-E3FA-4571-84BC-85E4A929E347}"
EndProject
Global
	GlobalSection(SolutionConfigurationPlatforms) = preSolution
		Debug|Any CPU = Debug|Any CPU
		Release|Any CPU = Release|Any CPU
	EndGlobalSection
	GlobalSection(SolutionProperties) = preSolution
		HideSolutionNode = FALSE
	EndGlobalSection
	GlobalSection(ProjectConfigurationPlatforms) = postSolution
		{3EE68819-8B64-4FCF-A8D6-0583E3F9D926}.Debug|Any CPU.ActiveCfg = Debug|Any CPU
		{3EE68819-8B64-4FCF-A8D6-0583E3F9D926}.Debug|Any CPU.Build.0 = Debug|Any CPU
		{3EE68819-8B64-4FCF-A8D6-0583E3F9D926}.Release|Any CPU.ActiveCfg = Release|Any CPU
		{3EE68819-8B64-4FCF-A8D6-0583E3F9D926}.Release|Any CPU.Build.0 = Release|Any CPU
		{B9EE79F5-E3FA-4571-84BC-85E4A929E347}.Debug|Any CPU.ActiveCfg = Debug|Any CPU
		{B9EE79F5-E3FA-4571-84BC-85E4A929E347}.Debug|Any CPU.Build.0 = Debug|Any CPU
		{B9EE79F5-E3FA-4571-84BC-85E4A929E347}.Release|Any CPU.ActiveCfg = Release|Any CPU
		{B9EE79F5-E3FA-4571-84BC-85E4A929E347}.Release|Any CPU.Build.0 = Release|Any CPU
	EndGlobalSection
EndGlobal
